
Microsoft Visual Studio Solution File, Format Version 12.00
# Visual Studio Version 16
VisualStudioVersion = 16.0.30225.117
MinimumVisualStudioVersion = 10.0.40219.1
Project("{FAE04EC0-301F-11D3-BF4B-00C04F79EFBC}") = "CalcSerialisation", "CalcSerialisation\CalcSerialisation.csproj", "{F3BC4C37-D0E1-404F-8290-6FA6668ED6DE}"
EndProject
Global
	GlobalSection(SolutionConfigurationPlatforms) = preSolution
		Debug|Any CPU = Debug|Any CPU
		Release|Any CPU = Release|Any CPU
	EndGlobalSection
	GlobalSection(ProjectConfigurationPlatforms) = postSolution
		{F3BC4C37-D0E1-404F-8290-6FA6668ED6DE}.Debug|Any CPU.ActiveCfg = Debug|Any CPU
		{F3BC4C37-D0E1-404F-8290-6FA6668ED6DE}.Debug|Any CPU.Build.0 = Debug|Any CPU
		{F3BC4C37-D0E1-404F-8290-6FA6668ED6DE}.Release|Any CPU.ActiveCfg = Release|Any CPU
		{F3BC4C37-D0E1-404F-8290-6FA6668ED6DE}.Release|Any CPU.Build.0 = Release|Any CPU
	EndGlobalSection
	GlobalSection(SolutionProperties) = preSolution
		HideSolutionNode = FALSE
	EndGlobalSection
	GlobalSection(ExtensibilityGlobals) = postSolution
		SolutionGuid = {A4374A1E-09ED-4FC5-87C4-C661D05BF466}
	EndGlobalSection
EndGlobal
