
Microsoft Visual Studio Solution File, Format Version 12.00
# Visual Studio Version 16
VisualStudioVersion = 16.0.30225.117
MinimumVisualStudioVersion = 10.0.40219.1
Project("{FAE04EC0-301F-11D3-BF4B-00C04F79EFBC}") = "ClassCalcLibaryAssign", "ClassCalcLibaryAssign\ClassCalcLibaryAssign.csproj", "{A30B3469-1815-4713-A656-0B887590EC37}"
EndProject
Global
	GlobalSection(SolutionConfigurationPlatforms) = preSolution
		Debug|Any CPU = Debug|Any CPU
		Release|Any CPU = Release|Any CPU
	EndGlobalSection
	GlobalSection(ProjectConfigurationPlatforms) = postSolution
		{A30B3469-1815-4713-A656-0B887590EC37}.Debug|Any CPU.ActiveCfg = Debug|Any CPU
		{A30B3469-1815-4713-A656-0B887590EC37}.Debug|Any CPU.Build.0 = Debug|Any CPU
		{A30B3469-1815-4713-A656-0B887590EC37}.Release|Any CPU.ActiveCfg = Release|Any CPU
		{A30B3469-1815-4713-A656-0B887590EC37}.Release|Any CPU.Build.0 = Release|Any CPU
	EndGlobalSection
	GlobalSection(SolutionProperties) = preSolution
		HideSolutionNode = FALSE
	EndGlobalSection
	GlobalSection(ExtensibilityGlobals) = postSolution
		SolutionGuid = {8AE3CC4E-4233-4872-BC0A-8E248237CE9B}
	EndGlobalSection
EndGlobal
